
Microsoft Visual Studio Solution File, Format Version 12.00
# Visual Studio Version 17
VisualStudioVersion = 17.9.34723.18
MinimumVisualStudioVersion = 10.0.40219.1
Project("{FAE04EC0-301F-11D3-BF4B-00C04F79EFBC}") = "RestWithASPNET", "RestWithASPNET\RestWithASPNET.csproj", "{BEBC22DE-AF87-4CF5-AD9B-24317AA3C491}"
EndProject
Global
	GlobalSection(SolutionConfigurationPlatforms) = preSolution
		Debug|Any CPU = Debug|Any CPU
		Release|Any CPU = Release|Any CPU
	EndGlobalSection
	GlobalSection(ProjectConfigurationPlatforms) = postSolution
		{BEBC22DE-AF87-4CF5-AD9B-24317AA3C491}.Debug|Any CPU.ActiveCfg = Debug|Any CPU
		{BEBC22DE-AF87-4CF5-AD9B-24317AA3C491}.Debug|Any CPU.Build.0 = Debug|Any CPU
		{BEBC22DE-AF87-4CF5-AD9B-24317AA3C491}.Release|Any CPU.ActiveCfg = Release|Any CPU
		{BEBC22DE-AF87-4CF5-AD9B-24317AA3C491}.Release|Any CPU.Build.0 = Release|Any CPU
	EndGlobalSection
	GlobalSection(SolutionProperties) = preSolution
		HideSolutionNode = FALSE
	EndGlobalSection
	GlobalSection(ExtensibilityGlobals) = postSolution
		SolutionGuid = {EE6A969E-35F8-4329-9DF9-E4AED4A8765A}
	EndGlobalSection
EndGlobal
